// !$*UTF8*$!
{
	archiveVersion = 1;
	classes = {
	};
	objectVersion = 50;
	objects = {

/* Begin PBXBuildFile section */
		CA6DDC5626C9623C009614BC /* pendoExamApp.swift in Sources */ = {isa = PBXBuildFile; fileRef = CA6DDC5526C9623C009614BC /* pendoExamApp.swift */; };
		CA6DDC5826C9623C009614BC /* ContentView.swift in Sources */ = {isa = PBXBuildFile; fileRef = CA6DDC5726C9623C009614BC /* ContentView.swift */; };
		CA6DDC5A26C9623D009614BC /* Assets.xcassets in Resources */ = {isa = PBXBuildFile; fileRef = CA6DDC5926C9623D009614BC /* Assets.xcassets */; };
		CA6DDC5D26C9623D009614BC /* Preview Assets.xcassets in Resources */ = {isa = PBXBuildFile; fileRef = CA6DDC5C26C9623D009614BC /* Preview Assets.xcassets */; };
		CA6DDC6826C9623D009614BC /* pendoExamTests.swift in Sources */ = {isa = PBXBuildFile; fileRef = CA6DDC6726C9623D009614BC /* pendoExamTests.swift */; };
		CA6DDC7326C9623D009614BC /* pendoExamUITests.swift in Sources */ = {isa = PBXBuildFile; fileRef = CA6DDC7226C9623D009614BC /* pendoExamUITests.swift */; };
		CA6DDC8226C962A0009614BC /* Movie.swift in Sources */ = {isa = PBXBuildFile; fileRef = CA6DDC8126C962A0009614BC /* Movie.swift */; };
		CA6DDC8526C9634E009614BC /* MovieService.swift in Sources */ = {isa = PBXBuildFile; fileRef = CA6DDC8426C9634E009614BC /* MovieService.swift */; };
		CA6DDC8726C963A8009614BC /* MovieStore.swift in Sources */ = {isa = PBXBuildFile; fileRef = CA6DDC8626C963A8009614BC /* MovieStore.swift */; };
		CA6DDC8A26C96425009614BC /* Utils.swift in Sources */ = {isa = PBXBuildFile; fileRef = CA6DDC8926C96425009614BC /* Utils.swift */; };
		CA6DDC8C26C9653B009614BC /* Movie+Stub.swift in Sources */ = {isa = PBXBuildFile; fileRef = CA6DDC8B26C9653B009614BC /* Movie+Stub.swift */; };
		CA6DDC9826C96674009614BC /* ImageLoader.swift in Sources */ = {isa = PBXBuildFile; fileRef = CA6DDC9726C96674009614BC /* ImageLoader.swift */; };
		CA6DDC9C26C96783009614BC /* MovieBackdropCard.swift in Sources */ = {isa = PBXBuildFile; fileRef = CA6DDC9B26C96783009614BC /* MovieBackdropCard.swift */; };
		CA6DDC9E26C96BF7009614BC /* MovieBackdropCarouselView..swift in Sources */ = {isa = PBXBuildFile; fileRef = CA6DDC9D26C96BF7009614BC /* MovieBackdropCarouselView..swift */; };
		CA6DDCA026C96FE7009614BC /* MoviePosterCard.swift in Sources */ = {isa = PBXBuildFile; fileRef = CA6DDC9F26C96FE7009614BC /* MoviePosterCard.swift */; };
		CA6DDCA226C970C2009614BC /* MoviePosterCarouselView.swift in Sources */ = {isa = PBXBuildFile; fileRef = CA6DDCA126C970C2009614BC /* MoviePosterCarouselView.swift */; };
		CA6DDCA426C97188009614BC /* MovieListView.swift in Sources */ = {isa = PBXBuildFile; fileRef = CA6DDCA326C97188009614BC /* MovieListView.swift */; };
		CA6DDCA626C9720E009614BC /* MovieListState.swift in Sources */ = {isa = PBXBuildFile; fileRef = CA6DDCA526C9720E009614BC /* MovieListState.swift */; };
		CA6DDCA926C97287009614BC /* ActivityIndicatorView.swift in Sources */ = {isa = PBXBuildFile; fileRef = CA6DDCA826C97287009614BC /* ActivityIndicatorView.swift */; };
		CA6DDCAB26C972F2009614BC /* LoadingView.swift in Sources */ = {isa = PBXBuildFile; fileRef = CA6DDCAA26C972F2009614BC /* LoadingView.swift */; };
		CA6DDCAD26C97768009614BC /* MovieDetailView.swift in Sources */ = {isa = PBXBuildFile; fileRef = CA6DDCAC26C97768009614BC /* MovieDetailView.swift */; };
		CA6DDCAF26C983DA009614BC /* MovieDetailState.swift in Sources */ = {isa = PBXBuildFile; fileRef = CA6DDCAE26C983DA009614BC /* MovieDetailState.swift */; };
		CA6DDCB126C98F0F009614BC /* SearchBar.swift in Sources */ = {isa = PBXBuildFile; fileRef = CA6DDCB026C98F0F009614BC /* SearchBar.swift */; };
		CA6DDCB326C98F55009614BC /* MovieSearchView.swift in Sources */ = {isa = PBXBuildFile; fileRef = CA6DDCB226C98F55009614BC /* MovieSearchView.swift */; };
		CA6DDCB526C990C9009614BC /* MovieSearchState.swift in Sources */ = {isa = PBXBuildFile; fileRef = CA6DDCB426C990C9009614BC /* MovieSearchState.swift */; };
		CA6DDCB926C996E8009614BC /* movie_info.json in Resources */ = {isa = PBXBuildFile; fileRef = CA6DDCB626C996E8009614BC /* movie_info.json */; };
		CA6DDCBA26C996E8009614BC /* movie_list.json in Resources */ = {isa = PBXBuildFile; fileRef = CA6DDCB726C996E8009614BC /* movie_list.json */; };
		CA6DDCBB26C996E8009614BC /* search_movie.json in Resources */ = {isa = PBXBuildFile; fileRef = CA6DDCB826C996E8009614BC /* search_movie.json */; };
/* End PBXBuildFile section */

/* Begin PBXContainerItemProxy section */
		CA6DDC6426C9623D009614BC /* PBXContainerItemProxy */ = {
			isa = PBXContainerItemProxy;
			containerPortal = CA6DDC4A26C9623C009614BC /* Project object */;
			proxyType = 1;
			remoteGlobalIDString = CA6DDC5126C9623C009614BC;
			remoteInfo = pendoExam;
		};
		CA6DDC6F26C9623D009614BC /* PBXContainerItemProxy */ = {
			isa = PBXContainerItemProxy;
			containerPortal = CA6DDC4A26C9623C009614BC /* Project object */;
			proxyType = 1;
			remoteGlobalIDString = CA6DDC5126C9623C009614BC;
			remoteInfo = pendoExam;
		};
/* End PBXContainerItemProxy section */

/* Begin PBXFileReference section */
		CA6DDC5226C9623C009614BC /* pendoExam.app */ = {isa = PBXFileReference; explicitFileType = wrapper.application; includeInIndex = 0; path = pendoExam.app; sourceTree = BUILT_PRODUCTS_DIR; };
		CA6DDC5526C9623C009614BC /* pendoExamApp.swift */ = {isa = PBXFileReference; lastKnownFileType = sourcecode.swift; path = pendoExamApp.swift; sourceTree = "<group>"; };
		CA6DDC5726C9623C009614BC /* ContentView.swift */ = {isa = PBXFileReference; lastKnownFileType = sourcecode.swift; path = ContentView.swift; sourceTree = "<group>"; };
		CA6DDC5926C9623D009614BC /* Assets.xcassets */ = {isa = PBXFileReference; lastKnownFileType = folder.assetcatalog; path = Assets.xcassets; sourceTree = "<group>"; };
		CA6DDC5C26C9623D009614BC /* Preview Assets.xcassets */ = {isa = PBXFileReference; lastKnownFileType = folder.assetcatalog; path = "Preview Assets.xcassets"; sourceTree = "<group>"; };
		CA6DDC5E26C9623D009614BC /* Info.plist */ = {isa = PBXFileReference; lastKnownFileType = text.plist.xml; path = Info.plist; sourceTree = "<group>"; };
		CA6DDC6326C9623D009614BC /* pendoExamTests.xctest */ = {isa = PBXFileReference; explicitFileType = wrapper.cfbundle; includeInIndex = 0; path = pendoExamTests.xctest; sourceTree = BUILT_PRODUCTS_DIR; };
		CA6DDC6726C9623D009614BC /* pendoExamTests.swift */ = {isa = PBXFileReference; lastKnownFileType = sourcecode.swift; path = pendoExamTests.swift; sourceTree = "<group>"; };
		CA6DDC6926C9623D009614BC /* Info.plist */ = {isa = PBXFileReference; lastKnownFileType = text.plist.xml; path = Info.plist; sourceTree = "<group>"; };
		CA6DDC6E26C9623D009614BC /* pendoExamUITests.xctest */ = {isa = PBXFileReference; explicitFileType = wrapper.cfbundle; includeInIndex = 0; path = pendoExamUITests.xctest; sourceTree = BUILT_PRODUCTS_DIR; };
		CA6DDC7226C9623D009614BC /* pendoExamUITests.swift */ = {isa = PBXFileReference; lastKnownFileType = sourcecode.swift; path = pendoExamUITests.swift; sourceTree = "<group>"; };
		CA6DDC7426C9623D009614BC /* Info.plist */ = {isa = PBXFileReference; lastKnownFileType = text.plist.xml; path = Info.plist; sourceTree = "<group>"; };
		CA6DDC8126C962A0009614BC /* Movie.swift */ = {isa = PBXFileReference; lastKnownFileType = sourcecode.swift; path = Movie.swift; sourceTree = "<group>"; };
		CA6DDC8426C9634E009614BC /* MovieService.swift */ = {isa = PBXFileReference; lastKnownFileType = sourcecode.swift; path = MovieService.swift; sourceTree = "<group>"; };
		CA6DDC8626C963A8009614BC /* MovieStore.swift */ = {isa = PBXFileReference; lastKnownFileType = sourcecode.swift; path = MovieStore.swift; sourceTree = "<group>"; };
		CA6DDC8926C96425009614BC /* Utils.swift */ = {isa = PBXFileReference; lastKnownFileType = sourcecode.swift; path = Utils.swift; sourceTree = "<group>"; };
		CA6DDC8B26C9653B009614BC /* Movie+Stub.swift */ = {isa = PBXFileReference; lastKnownFileType = sourcecode.swift; path = "Movie+Stub.swift"; sourceTree = "<group>"; };
		CA6DDC9726C96674009614BC /* ImageLoader.swift */ = {isa = PBXFileReference; lastKnownFileType = sourcecode.swift; path = ImageLoader.swift; sourceTree = "<group>"; };
		CA6DDC9B26C96783009614BC /* MovieBackdropCard.swift */ = {isa = PBXFileReference; lastKnownFileType = sourcecode.swift; path = MovieBackdropCard.swift; sourceTree = "<group>"; };
		CA6DDC9D26C96BF7009614BC /* MovieBackdropCarouselView..swift */ = {isa = PBXFileReference; lastKnownFileType = sourcecode.swift; path = MovieBackdropCarouselView..swift; sourceTree = "<group>"; };
		CA6DDC9F26C96FE7009614BC /* MoviePosterCard.swift */ = {isa = PBXFileReference; lastKnownFileType = sourcecode.swift; path = MoviePosterCard.swift; sourceTree = "<group>"; };
		CA6DDCA126C970C2009614BC /* MoviePosterCarouselView.swift */ = {isa = PBXFileReference; lastKnownFileType = sourcecode.swift; path = MoviePosterCarouselView.swift; sourceTree = "<group>"; };
		CA6DDCA326C97188009614BC /* MovieListView.swift */ = {isa = PBXFileReference; lastKnownFileType = sourcecode.swift; path = MovieListView.swift; sourceTree = "<group>"; };
		CA6DDCA526C9720E009614BC /* MovieListState.swift */ = {isa = PBXFileReference; lastKnownFileType = sourcecode.swift; path = MovieListState.swift; sourceTree = "<group>"; };
		CA6DDCA826C97287009614BC /* ActivityIndicatorView.swift */ = {isa = PBXFileReference; lastKnownFileType = sourcecode.swift; path = ActivityIndicatorView.swift; sourceTree = "<group>"; };
		CA6DDCAA26C972F2009614BC /* LoadingView.swift */ = {isa = PBXFileReference; lastKnownFileType = sourcecode.swift; path = LoadingView.swift; sourceTree = "<group>"; };
		CA6DDCAC26C97768009614BC /* MovieDetailView.swift */ = {isa = PBXFileReference; lastKnownFileType = sourcecode.swift; path = MovieDetailView.swift; sourceTree = "<group>"; };
		CA6DDCAE26C983DA009614BC /* MovieDetailState.swift */ = {isa = PBXFileReference; lastKnownFileType = sourcecode.swift; path = MovieDetailState.swift; sourceTree = "<group>"; };
		CA6DDCB026C98F0F009614BC /* SearchBar.swift */ = {isa = PBXFileReference; lastKnownFileType = sourcecode.swift; path = SearchBar.swift; sourceTree = "<group>"; };
		CA6DDCB226C98F55009614BC /* MovieSearchView.swift */ = {isa = PBXFileReference; lastKnownFileType = sourcecode.swift; path = MovieSearchView.swift; sourceTree = "<group>"; };
		CA6DDCB426C990C9009614BC /* MovieSearchState.swift */ = {isa = PBXFileReference; lastKnownFileType = sourcecode.swift; path = MovieSearchState.swift; sourceTree = "<group>"; };
		CA6DDCB626C996E8009614BC /* movie_info.json */ = {isa = PBXFileReference; fileEncoding = 4; lastKnownFileType = text.json; path = movie_info.json; sourceTree = "<group>"; };
		CA6DDCB726C996E8009614BC /* movie_list.json */ = {isa = PBXFileReference; fileEncoding = 4; lastKnownFileType = text.json; path = movie_list.json; sourceTree = "<group>"; };
		CA6DDCB826C996E8009614BC /* search_movie.json */ = {isa = PBXFileReference; fileEncoding = 4; lastKnownFileType = text.json; path = search_movie.json; sourceTree = "<group>"; };
/* End PBXFileReference section */

/* Begin PBXFrameworksBuildPhase section */
		CA6DDC4F26C9623C009614BC /* Frameworks */ = {
			isa = PBXFrameworksBuildPhase;
			buildActionMask = 2147483647;
			files = (
			);
			runOnlyForDeploymentPostprocessing = 0;
		};
		CA6DDC6026C9623D009614BC /* Frameworks */ = {
			isa = PBXFrameworksBuildPhase;
			buildActionMask = 2147483647;
			files = (
			);
			runOnlyForDeploymentPostprocessing = 0;
		};
		CA6DDC6B26C9623D009614BC /* Frameworks */ = {
			isa = PBXFrameworksBuildPhase;
			buildActionMask = 2147483647;
			files = (
			);
			runOnlyForDeploymentPostprocessing = 0;
		};
/* End PBXFrameworksBuildPhase section */

/* Begin PBXGroup section */
		CA6DDC4926C9623C009614BC = {
			isa = PBXGroup;
			children = (
				CA6DDC5426C9623C009614BC /* pendoExam */,
				CA6DDC6626C9623D009614BC /* pendoExamTests */,
				CA6DDC7126C9623D009614BC /* pendoExamUITests */,
				CA6DDC5326C9623C009614BC /* Products */,
			);
			sourceTree = "<group>";
		};
		CA6DDC5326C9623C009614BC /* Products */ = {
			isa = PBXGroup;
			children = (
				CA6DDC5226C9623C009614BC /* pendoExam.app */,
				CA6DDC6326C9623D009614BC /* pendoExamTests.xctest */,
				CA6DDC6E26C9623D009614BC /* pendoExamUITests.xctest */,
			);
			name = Products;
			sourceTree = "<group>";
		};
		CA6DDC5426C9623C009614BC /* pendoExam */ = {
			isa = PBXGroup;
			children = (
				CA6DDC9A26C96770009614BC /* Views */,
				CA6DDC9626C96653009614BC /* Bindings */,
				CA6DDC8D26C9657F009614BC /* Resources */,
				CA6DDC8326C96324009614BC /* Services */,
				CA6DDC8026C9628E009614BC /* Models */,
				CA6DDC5526C9623C009614BC /* pendoExamApp.swift */,
				CA6DDC5726C9623C009614BC /* ContentView.swift */,
				CA6DDC5926C9623D009614BC /* Assets.xcassets */,
				CA6DDC5E26C9623D009614BC /* Info.plist */,
				CA6DDC5B26C9623D009614BC /* Preview Content */,
				CA6DDC8926C96425009614BC /* Utils.swift */,
			);
			path = pendoExam;
			sourceTree = "<group>";
		};
		CA6DDC5B26C9623D009614BC /* Preview Content */ = {
			isa = PBXGroup;
			children = (
				CA6DDC5C26C9623D009614BC /* Preview Assets.xcassets */,
			);
			path = "Preview Content";
			sourceTree = "<group>";
		};
		CA6DDC6626C9623D009614BC /* pendoExamTests */ = {
			isa = PBXGroup;
			children = (
				CA6DDC6726C9623D009614BC /* pendoExamTests.swift */,
				CA6DDC6926C9623D009614BC /* Info.plist */,
			);
			path = pendoExamTests;
			sourceTree = "<group>";
		};
		CA6DDC7126C9623D009614BC /* pendoExamUITests */ = {
			isa = PBXGroup;
			children = (
				CA6DDC7226C9623D009614BC /* pendoExamUITests.swift */,
				CA6DDC7426C9623D009614BC /* Info.plist */,
			);
			path = pendoExamUITests;
			sourceTree = "<group>";
		};
		CA6DDC8026C9628E009614BC /* Models */ = {
			isa = PBXGroup;
			children = (
				CA6DDC8126C962A0009614BC /* Movie.swift */,
				CA6DDC8B26C9653B009614BC /* Movie+Stub.swift */,
			);
			path = Models;
			sourceTree = "<group>";
		};
		CA6DDC8326C96324009614BC /* Services */ = {
			isa = PBXGroup;
			children = (
				CA6DDC8426C9634E009614BC /* MovieService.swift */,
				CA6DDC8626C963A8009614BC /* MovieStore.swift */,
			);
			path = Services;
			sourceTree = "<group>";
		};
		CA6DDC8D26C9657F009614BC /* Resources */ = {
			isa = PBXGroup;
			children = (
				CA6DDCB626C996E8009614BC /* movie_info.json */,
				CA6DDCB726C996E8009614BC /* movie_list.json */,
				CA6DDCB826C996E8009614BC /* search_movie.json */,
			);
			path = Resources;
			sourceTree = "<group>";
		};
		CA6DDC9626C96653009614BC /* Bindings */ = {
			isa = PBXGroup;
			children = (
				CA6DDC9726C96674009614BC /* ImageLoader.swift */,
				CA6DDCA526C9720E009614BC /* MovieListState.swift */,
				CA6DDCAE26C983DA009614BC /* MovieDetailState.swift */,
				CA6DDCB426C990C9009614BC /* MovieSearchState.swift */,
			);
			path = Bindings;
			sourceTree = "<group>";
		};
		CA6DDC9A26C96770009614BC /* Views */ = {
			isa = PBXGroup;
			children = (
				CA6DDCA726C9726F009614BC /* UIKitViews */,
				CA6DDC9B26C96783009614BC /* MovieBackdropCard.swift */,
				CA6DDC9D26C96BF7009614BC /* MovieBackdropCarouselView..swift */,
				CA6DDC9F26C96FE7009614BC /* MoviePosterCard.swift */,
				CA6DDCA126C970C2009614BC /* MoviePosterCarouselView.swift */,
				CA6DDCA326C97188009614BC /* MovieListView.swift */,
				CA6DDCAA26C972F2009614BC /* LoadingView.swift */,
				CA6DDCAC26C97768009614BC /* MovieDetailView.swift */,
				CA6DDCB226C98F55009614BC /* MovieSearchView.swift */,
			);
			path = Views;
			sourceTree = "<group>";
		};
		CA6DDCA726C9726F009614BC /* UIKitViews */ = {
			isa = PBXGroup;
			children = (
				CA6DDCA826C97287009614BC /* ActivityIndicatorView.swift */,
				CA6DDCB026C98F0F009614BC /* SearchBar.swift */,
			);
			path = UIKitViews;
			sourceTree = "<group>";
		};
/* End PBXGroup section */

/* Begin PBXNativeTarget section */
		CA6DDC5126C9623C009614BC /* pendoExam */ = {
			isa = PBXNativeTarget;
			buildConfigurationList = CA6DDC7726C9623D009614BC /* Build configuration list for PBXNativeTarget "pendoExam" */;
			buildPhases = (
				CA6DDC4E26C9623C009614BC /* Sources */,
				CA6DDC4F26C9623C009614BC /* Frameworks */,
				CA6DDC5026C9623C009614BC /* Resources */,
			);
			buildRules = (
			);
			dependencies = (
			);
			name = pendoExam;
			productName = pendoExam;
			productReference = CA6DDC5226C9623C009614BC /* pendoExam.app */;
			productType = "com.apple.product-type.application";
		};
		CA6DDC6226C9623D009614BC /* pendoExamTests */ = {
			isa = PBXNativeTarget;
			buildConfigurationList = CA6DDC7A26C9623D009614BC /* Build configuration list for PBXNativeTarget "pendoExamTests" */;
			buildPhases = (
				CA6DDC5F26C9623D009614BC /* Sources */,
				CA6DDC6026C9623D009614BC /* Frameworks */,
				CA6DDC6126C9623D009614BC /* Resources */,
			);
			buildRules = (
			);
			dependencies = (
				CA6DDC6526C9623D009614BC /* PBXTargetDependency */,
			);
			name = pendoExamTests;
			productName = pendoExamTests;
			productReference = CA6DDC6326C9623D009614BC /* pendoExamTests.xctest */;
			productType = "com.apple.product-type.bundle.unit-test";
		};
		CA6DDC6D26C9623D009614BC /* pendoExamUITests */ = {
			isa = PBXNativeTarget;
			buildConfigurationList = CA6DDC7D26C9623D009614BC /* Build configuration list for PBXNativeTarget "pendoExamUITests" */;
			buildPhases = (
				CA6DDC6A26C9623D009614BC /* Sources */,
				CA6DDC6B26C9623D009614BC /* Frameworks */,
				CA6DDC6C26C9623D009614BC /* Resources */,
			);
			buildRules = (
			);
			dependencies = (
				CA6DDC7026C9623D009614BC /* PBXTargetDependency */,
			);
			name = pendoExamUITests;
			productName = pendoExamUITests;
			productReference = CA6DDC6E26C9623D009614BC /* pendoExamUITests.xctest */;
			productType = "com.apple.product-type.bundle.ui-testing";
		};
/* End PBXNativeTarget section */

/* Begin PBXProject section */
		CA6DDC4A26C9623C009614BC /* Project object */ = {
			isa = PBXProject;
			attributes = {
				LastSwiftUpdateCheck = 1250;
				LastUpgradeCheck = 1250;
				TargetAttributes = {
					CA6DDC5126C9623C009614BC = {
						CreatedOnToolsVersion = 12.5.1;
					};
					CA6DDC6226C9623D009614BC = {
						CreatedOnToolsVersion = 12.5.1;
						TestTargetID = CA6DDC5126C9623C009614BC;
					};
					CA6DDC6D26C9623D009614BC = {
						CreatedOnToolsVersion = 12.5.1;
						TestTargetID = CA6DDC5126C9623C009614BC;
					};
				};
			};
			buildConfigurationList = CA6DDC4D26C9623C009614BC /* Build configuration list for PBXProject "pendoExam" */;
			compatibilityVersion = "Xcode 9.3";
			developmentRegion = en;
			hasScannedForEncodings = 0;
			knownRegions = (
				en,
				Base,
			);
			mainGroup = CA6DDC4926C9623C009614BC;
			productRefGroup = CA6DDC5326C9623C009614BC /* Products */;
			projectDirPath = "";
			projectRoot = "";
			targets = (
				CA6DDC5126C9623C009614BC /* pendoExam */,
				CA6DDC6226C9623D009614BC /* pendoExamTests */,
				CA6DDC6D26C9623D009614BC /* pendoExamUITests */,
			);
		};
/* End PBXProject section */

/* Begin PBXResourcesBuildPhase section */
		CA6DDC5026C9623C009614BC /* Resources */ = {
			isa = PBXResourcesBuildPhase;
			buildActionMask = 2147483647;
			files = (
				CA6DDCBA26C996E8009614BC /* movie_list.json in Resources */,
				CA6DDC5D26C9623D009614BC /* Preview Assets.xcassets in Resources */,
				CA6DDCB926C996E8009614BC /* movie_info.json in Resources */,
				CA6DDCBB26C996E8009614BC /* search_movie.json in Resources */,
				CA6DDC5A26C9623D009614BC /* Assets.xcassets in Resources */,
			);
			runOnlyForDeploymentPostprocessing = 0;
		};
		CA6DDC6126C9623D009614BC /* Resources */ = {
			isa = PBXResourcesBuildPhase;
			buildActionMask = 2147483647;
			files = (
			);
			runOnlyForDeploymentPostprocessing = 0;
		};
		CA6DDC6C26C9623D009614BC /* Resources */ = {
			isa = PBXResourcesBuildPhase;
			buildActionMask = 2147483647;
			files = (
			);
			runOnlyForDeploymentPostprocessing = 0;
		};
/* End PBXResourcesBuildPhase section */

/* Begin PBXSourcesBuildPhase section */
		CA6DDC4E26C9623C009614BC /* Sources */ = {
			isa = PBXSourcesBuildPhase;
			buildActionMask = 2147483647;
			files = (
				CA6DDC5826C9623C009614BC /* ContentView.swift in Sources */,
				CA6DDC5626C9623C009614BC /* pendoExamApp.swift in Sources */,
				CA6DDC9E26C96BF7009614BC /* MovieBackdropCarouselView..swift in Sources */,
				CA6DDCAF26C983DA009614BC /* MovieDetailState.swift in Sources */,
				CA6DDC8526C9634E009614BC /* MovieService.swift in Sources */,
				CA6DDCB326C98F55009614BC /* MovieSearchView.swift in Sources */,
				CA6DDCA026C96FE7009614BC /* MoviePosterCard.swift in Sources */,
				CA6DDCAB26C972F2009614BC /* LoadingView.swift in Sources */,
				CA6DDC8C26C9653B009614BC /* Movie+Stub.swift in Sources */,
				CA6DDCA926C97287009614BC /* ActivityIndicatorView.swift in Sources */,
				CA6DDCA626C9720E009614BC /* MovieListState.swift in Sources */,
				CA6DDCA226C970C2009614BC /* MoviePosterCarouselView.swift in Sources */,
				CA6DDC9C26C96783009614BC /* MovieBackdropCard.swift in Sources */,
				CA6DDC9826C96674009614BC /* ImageLoader.swift in Sources */,
				CA6DDC8226C962A0009614BC /* Movie.swift in Sources */,
				CA6DDCB526C990C9009614BC /* MovieSearchState.swift in Sources */,
				CA6DDCA426C97188009614BC /* MovieListView.swift in Sources */,
				CA6DDCB126C98F0F009614BC /* SearchBar.swift in Sources */,
				CA6DDCAD26C97768009614BC /* MovieDetailView.swift in Sources */,
				CA6DDC8726C963A8009614BC /* MovieStore.swift in Sources */,
				CA6DDC8A26C96425009614BC /* Utils.swift in Sources */,
			);
			runOnlyForDeploymentPostprocessing = 0;
		};
		CA6DDC5F26C9623D009614BC /* Sources */ = {
			isa = PBXSourcesBuildPhase;
			buildActionMask = 2147483647;
			files = (
				CA6DDC6826C9623D009614BC /* pendoExamTests.swift in Sources */,
			);
			runOnlyForDeploymentPostprocessing = 0;
		};
		CA6DDC6A26C9623D009614BC /* Sources */ = {
			isa = PBXSourcesBuildPhase;
			buildActionMask = 2147483647;
			files = (
				CA6DDC7326C9623D009614BC /* pendoExamUITests.swift in Sources */,
			);
			runOnlyForDeploymentPostprocessing = 0;
		};
/* End PBXSourcesBuildPhase section */

/* Begin PBXTargetDependency section */
		CA6DDC6526C9623D009614BC /* PBXTargetDependency */ = {
			isa = PBXTargetDependency;
			target = CA6DDC5126C9623C009614BC /* pendoExam */;
			targetProxy = CA6DDC6426C9623D009614BC /* PBXContainerItemProxy */;
		};
		CA6DDC7026C9623D009614BC /* PBXTargetDependency */ = {
			isa = PBXTargetDependency;
			target = CA6DDC5126C9623C009614BC /* pendoExam */;
			targetProxy = CA6DDC6F26C9623D009614BC /* PBXContainerItemProxy */;
		};
/* End PBXTargetDependency section */

/* Begin XCBuildConfiguration section */
		CA6DDC7526C9623D009614BC /* Debug */ = {
			isa = XCBuildConfiguration;
			buildSettings = {
				ALWAYS_SEARCH_USER_PATHS = NO;
				CLANG_ANALYZER_NONNULL = YES;
				CLANG_ANALYZER_NUMBER_OBJECT_CONVERSION = YES_AGGRESSIVE;
				CLANG_CXX_LANGUAGE_STANDARD = "gnu++14";
				CLANG_CXX_LIBRARY = "libc++";
				CLANG_ENABLE_MODULES = YES;
				CLANG_ENABLE_OBJC_ARC = YES;
				CLANG_ENABLE_OBJC_WEAK = YES;
				CLANG_WARN_BLOCK_CAPTURE_AUTORELEASING = YES;
				CLANG_WARN_BOOL_CONVERSION = YES;
				CLANG_WARN_COMMA = YES;
				CLANG_WARN_CONSTANT_CONVERSION = YES;
				CLANG_WARN_DEPRECATED_OBJC_IMPLEMENTATIONS = YES;
				CLANG_WARN_DIRECT_OBJC_ISA_USAGE = YES_ERROR;
				CLANG_WARN_DOCUMENTATION_COMMENTS = YES;
				CLANG_WARN_EMPTY_BODY = YES;
				CLANG_WARN_ENUM_CONVERSION = YES;
				CLANG_WARN_INFINITE_RECURSION = YES;
				CLANG_WARN_INT_CONVERSION = YES;
				CLANG_WARN_NON_LITERAL_NULL_CONVERSION = YES;
				CLANG_WARN_OBJC_IMPLICIT_RETAIN_SELF = YES;
				CLANG_WARN_OBJC_LITERAL_CONVERSION = YES;
				CLANG_WARN_OBJC_ROOT_CLASS = YES_ERROR;
				CLANG_WARN_QUOTED_INCLUDE_IN_FRAMEWORK_HEADER = YES;
				CLANG_WARN_RANGE_LOOP_ANALYSIS = YES;
				CLANG_WARN_STRICT_PROTOTYPES = YES;
				CLANG_WARN_SUSPICIOUS_MOVE = YES;
				CLANG_WARN_UNGUARDED_AVAILABILITY = YES_AGGRESSIVE;
				CLANG_WARN_UNREACHABLE_CODE = YES;
				CLANG_WARN__DUPLICATE_METHOD_MATCH = YES;
				COPY_PHASE_STRIP = NO;
				DEBUG_INFORMATION_FORMAT = dwarf;
				ENABLE_STRICT_OBJC_MSGSEND = YES;
				ENABLE_TESTABILITY = YES;
				GCC_C_LANGUAGE_STANDARD = gnu11;
				GCC_DYNAMIC_NO_PIC = NO;
				GCC_NO_COMMON_BLOCKS = YES;
				GCC_OPTIMIZATION_LEVEL = 0;
				GCC_PREPROCESSOR_DEFINITIONS = (
					"DEBUG=1",
					"$(inherited)",
				);
				GCC_WARN_64_TO_32_BIT_CONVERSION = YES;
				GCC_WARN_ABOUT_RETURN_TYPE = YES_ERROR;
				GCC_WARN_UNDECLARED_SELECTOR = YES;
				GCC_WARN_UNINITIALIZED_AUTOS = YES_AGGRESSIVE;
				GCC_WARN_UNUSED_FUNCTION = YES;
				GCC_WARN_UNUSED_VARIABLE = YES;
				IPHONEOS_DEPLOYMENT_TARGET = 14.5;
				MTL_ENABLE_DEBUG_INFO = INCLUDE_SOURCE;
				MTL_FAST_MATH = YES;
				ONLY_ACTIVE_ARCH = YES;
				SDKROOT = iphoneos;
				SWIFT_ACTIVE_COMPILATION_CONDITIONS = DEBUG;
				SWIFT_OPTIMIZATION_LEVEL = "-Onone";
			};
			name = Debug;
		};
		CA6DDC7626C9623D009614BC /* Release */ = {
			isa = XCBuildConfiguration;
			buildSettings = {
				ALWAYS_SEARCH_USER_PATHS = NO;
				CLANG_ANALYZER_NONNULL = YES;
				CLANG_ANALYZER_NUMBER_OBJECT_CONVERSION = YES_AGGRESSIVE;
				CLANG_CXX_LANGUAGE_STANDARD = "gnu++14";
				CLANG_CXX_LIBRARY = "libc++";
				CLANG_ENABLE_MODULES = YES;
				CLANG_ENABLE_OBJC_ARC = YES;
				CLANG_ENABLE_OBJC_WEAK = YES;
				CLANG_WARN_BLOCK_CAPTURE_AUTORELEASING = YES;
				CLANG_WARN_BOOL_CONVERSION = YES;
				CLANG_WARN_COMMA = YES;
				CLANG_WARN_CONSTANT_CONVERSION = YES;
				CLANG_WARN_DEPRECATED_OBJC_IMPLEMENTATIONS = YES;
				CLANG_WARN_DIRECT_OBJC_ISA_USAGE = YES_ERROR;
				CLANG_WARN_DOCUMENTATION_COMMENTS = YES;
				CLANG_WARN_EMPTY_BODY = YES;
				CLANG_WARN_ENUM_CONVERSION = YES;
				CLANG_WARN_INFINITE_RECURSION = YES;
				CLANG_WARN_INT_CONVERSION = YES;
				CLANG_WARN_NON_LITERAL_NULL_CONVERSION = YES;
				CLANG_WARN_OBJC_IMPLICIT_RETAIN_SELF = YES;
				CLANG_WARN_OBJC_LITERAL_CONVERSION = YES;
				CLANG_WARN_OBJC_ROOT_CLASS = YES_ERROR;
				CLANG_WARN_QUOTED_INCLUDE_IN_FRAMEWORK_HEADER = YES;
				CLANG_WARN_RANGE_LOOP_ANALYSIS = YES;
				CLANG_WARN_STRICT_PROTOTYPES = YES;
				CLANG_WARN_SUSPICIOUS_MOVE = YES;
				CLANG_WARN_UNGUARDED_AVAILABILITY = YES_AGGRESSIVE;
				CLANG_WARN_UNREACHABLE_CODE = YES;
				CLANG_WARN__DUPLICATE_METHOD_MATCH = YES;
				COPY_PHASE_STRIP = NO;
				DEBUG_INFORMATION_FORMAT = "dwarf-with-dsym";
				ENABLE_NS_ASSERTIONS = NO;
				ENABLE_STRICT_OBJC_MSGSEND = YES;
				GCC_C_LANGUAGE_STANDARD = gnu11;
				GCC_NO_COMMON_BLOCKS = YES;
				GCC_WARN_64_TO_32_BIT_CONVERSION = YES;
				GCC_WARN_ABOUT_RETURN_TYPE = YES_ERROR;
				GCC_WARN_UNDECLARED_SELECTOR = YES;
				GCC_WARN_UNINITIALIZED_AUTOS = YES_AGGRESSIVE;
				GCC_WARN_UNUSED_FUNCTION = YES;
				GCC_WARN_UNUSED_VARIABLE = YES;
				IPHONEOS_DEPLOYMENT_TARGET = 14.5;
				MTL_ENABLE_DEBUG_INFO = NO;
				MTL_FAST_MATH = YES;
				SDKROOT = iphoneos;
				SWIFT_COMPILATION_MODE = wholemodule;
				SWIFT_OPTIMIZATION_LEVEL = "-O";
				VALIDATE_PRODUCT = YES;
			};
			name = Release;
		};
		CA6DDC7826C9623D009614BC /* Debug */ = {
			isa = XCBuildConfiguration;
			buildSettings = {
				ASSETCATALOG_COMPILER_APPICON_NAME = AppIcon;
				ASSETCATALOG_COMPILER_GLOBAL_ACCENT_COLOR_NAME = AccentColor;
				CODE_SIGN_STYLE = Automatic;
				DEVELOPMENT_ASSET_PATHS = "\"pendoExam/Preview Content\"";
				DEVELOPMENT_TEAM = N7A2Y923Z8;
				ENABLE_PREVIEWS = YES;
				INFOPLIST_FILE = pendoExam/Info.plist;
				IPHONEOS_DEPLOYMENT_TARGET = 14.0;
				LD_RUNPATH_SEARCH_PATHS = (
					"$(inherited)",
					"@executable_path/Frameworks",
				);
				PRODUCT_BUNDLE_IDENTIFIER = yousef.pendoExam;
				PRODUCT_NAME = "$(TARGET_NAME)";
				SWIFT_VERSION = 5.0;
				TARGETED_DEVICE_FAMILY = "1,2";
			};
			name = Debug;
		};
		CA6DDC7926C9623D009614BC /* Release */ = {
			isa = XCBuildConfiguration;
			buildSettings = {
				ASSETCATALOG_COMPILER_APPICON_NAME = AppIcon;
				ASSETCATALOG_COMPILER_GLOBAL_ACCENT_COLOR_NAME = AccentColor;
				CODE_SIGN_STYLE = Automatic;
				DEVELOPMENT_ASSET_PATHS = "\"pendoExam/Preview Content\"";
				DEVELOPMENT_TEAM = N7A2Y923Z8;
				ENABLE_PREVIEWS = YES;
				INFOPLIST_FILE = pendoExam/Info.plist;
				IPHONEOS_DEPLOYMENT_TARGET = 14.0;
				LD_RUNPATH_SEARCH_PATHS = (
					"$(inherited)",
					"@executable_path/Frameworks",
				);
				PRODUCT_BUNDLE_IDENTIFIER = yousef.pendoExam;
				PRODUCT_NAME = "$(TARGET_NAME)";
				SWIFT_VERSION = 5.0;
				TARGETED_DEVICE_FAMILY = "1,2";
			};
			name = Release;
		};
		CA6DDC7B26C9623D009614BC /* Debug */ = {
			isa = XCBuildConfiguration;
			buildSettings = {
				ALWAYS_EMBED_SWIFT_STANDARD_LIBRARIES = YES;
				BUNDLE_LOADER = "$(TEST_HOST)";
				CODE_SIGN_STYLE = Automatic;
				DEVELOPMENT_TEAM = N7A2Y923Z8;
				INFOPLIST_FILE = pendoExamTests/Info.plist;
				IPHONEOS_DEPLOYMENT_TARGET = 14.0;
				LD_RUNPATH_SEARCH_PATHS = (
					"$(inherited)",
					"@executable_path/Frameworks",
					"@loader_path/Frameworks",
				);
				PRODUCT_BUNDLE_IDENTIFIER = yousef.pendoExamTests;
				PRODUCT_NAME = "$(TARGET_NAME)";
				SWIFT_VERSION = 5.0;
				TARGETED_DEVICE_FAMILY = "1,2";
				TEST_HOST = "$(BUILT_PRODUCTS_DIR)/pendoExam.app/pendoExam";
			};
			name = Debug;
		};
		CA6DDC7C26C9623D009614BC /* Release */ = {
			isa = XCBuildConfiguration;
			buildSettings = {
				ALWAYS_EMBED_SWIFT_STANDARD_LIBRARIES = YES;
				BUNDLE_LOADER = "$(TEST_HOST)";
				CODE_SIGN_STYLE = Automatic;
				DEVELOPMENT_TEAM = N7A2Y923Z8;
				INFOPLIST_FILE = pendoExamTests/Info.plist;
				IPHONEOS_DEPLOYMENT_TARGET = 14.0;
				LD_RUNPATH_SEARCH_PATHS = (
					"$(inherited)",
					"@executable_path/Frameworks",
					"@loader_path/Frameworks",
				);
				PRODUCT_BUNDLE_IDENTIFIER = yousef.pendoExamTests;
				PRODUCT_NAME = "$(TARGET_NAME)";
				SWIFT_VERSION = 5.0;
				TARGETED_DEVICE_FAMILY = "1,2";
				TEST_HOST = "$(BUILT_PRODUCTS_DIR)/pendoExam.app/pendoExam";
			};
			name = Release;
		};
		CA6DDC7E26C9623D009614BC /* Debug */ = {
			isa = XCBuildConfiguration;
			buildSettings = {
				ALWAYS_EMBED_SWIFT_STANDARD_LIBRARIES = YES;
				CODE_SIGN_STYLE = Automatic;
				DEVELOPMENT_TEAM = N7A2Y923Z8;
				INFOPLIST_FILE = pendoExamUITests/Info.plist;
				LD_RUNPATH_SEARCH_PATHS = (
					"$(inherited)",
					"@executable_path/Frameworks",
					"@loader_path/Frameworks",
				);
				PRODUCT_BUNDLE_IDENTIFIER = yousef.pendoExamUITests;
				PRODUCT_NAME = "$(TARGET_NAME)";
				SWIFT_VERSION = 5.0;
				TARGETED_DEVICE_FAMILY = "1,2";
				TEST_TARGET_NAME = pendoExam;
			};
			name = Debug;
		};
		CA6DDC7F26C9623D009614BC /* Release */ = {
			isa = XCBuildConfiguration;
			buildSettings = {
				ALWAYS_EMBED_SWIFT_STANDARD_LIBRARIES = YES;
				CODE_SIGN_STYLE = Automatic;
				DEVELOPMENT_TEAM = N7A2Y923Z8;
				INFOPLIST_FILE = pendoExamUITests/Info.plist;
				LD_RUNPATH_SEARCH_PATHS = (
					"$(inherited)",
					"@executable_path/Frameworks",
					"@loader_path/Frameworks",
				);
				PRODUCT_BUNDLE_IDENTIFIER = yousef.pendoExamUITests;
				PRODUCT_NAME = "$(TARGET_NAME)";
				SWIFT_VERSION = 5.0;
				TARGETED_DEVICE_FAMILY = "1,2";
				TEST_TARGET_NAME = pendoExam;
			};
			name = Release;
		};
/* End XCBuildConfiguration section */

/* Begin XCConfigurationList section */
		CA6DDC4D26C9623C009614BC /* Build configuration list for PBXProject "pendoExam" */ = {
			isa = XCConfigurationList;
			buildConfigurations = (
				CA6DDC7526C9623D009614BC /* Debug */,
				CA6DDC7626C9623D009614BC /* Release */,
			);
			defaultConfigurationIsVisible = 0;
			defaultConfigurationName = Release;
		};
		CA6DDC7726C9623D009614BC /* Build configuration list for PBXNativeTarget "pendoExam" */ = {
			isa = XCConfigurationList;
			buildConfigurations = (
				CA6DDC7826C9623D009614BC /* Debug */,
				CA6DDC7926C9623D009614BC /* Release */,
			);
			defaultConfigurationIsVisible = 0;
			defaultConfigurationName = Release;
		};
		CA6DDC7A26C9623D009614BC /* Build configuration list for PBXNativeTarget "pendoExamTests" */ = {
			isa = XCConfigurationList;
			buildConfigurations = (
				CA6DDC7B26C9623D009614BC /* Debug */,
				CA6DDC7C26C9623D009614BC /* Release */,
			);
			defaultConfigurationIsVisible = 0;
			defaultConfigurationName = Release;
		};
		CA6DDC7D26C9623D009614BC /* Build configuration list for PBXNativeTarget "pendoExamUITests" */ = {
			isa = XCConfigurationList;
			buildConfigurations = (
				CA6DDC7E26C9623D009614BC /* Debug */,
				CA6DDC7F26C9623D009614BC /* Release */,
			);
			defaultConfigurationIsVisible = 0;
			defaultConfigurationName = Release;
		};
/* End XCConfigurationList section */
	};
	rootObject = CA6DDC4A26C9623C009614BC /* Project object */;
}
